// !$*UTF8*$!
{
	archiveVersion = 1;
	classes = {
	};
	objectVersion = 48;
	objects = {

/* Begin PBXBuildFile section */
		B30399BF1FD39B4100BB9185 /* SettingsController.swift in Sources */ = {isa = PBXBuildFile; fileRef = B30399BE1FD39B4100BB9185 /* SettingsController.swift */; };
		B311CF3D1FCFFB3500730CDA /* AppDelegate.swift in Sources */ = {isa = PBXBuildFile; fileRef = B311CF3C1FCFFB3500730CDA /* AppDelegate.swift */; };
		B311CF441FCFFB3500730CDA /* Main.storyboard in Resources */ = {isa = PBXBuildFile; fileRef = B311CF421FCFFB3500730CDA /* Main.storyboard */; };
		B311CF461FCFFB3500730CDA /* Assets.xcassets in Resources */ = {isa = PBXBuildFile; fileRef = B311CF451FCFFB3500730CDA /* Assets.xcassets */; };
		B311CF491FCFFB3500730CDA /* LaunchScreen.storyboard in Resources */ = {isa = PBXBuildFile; fileRef = B311CF471FCFFB3500730CDA /* LaunchScreen.storyboard */; };
		B311CF541FCFFB3500730CDA /* WantoTests.swift in Sources */ = {isa = PBXBuildFile; fileRef = B311CF531FCFFB3500730CDA /* WantoTests.swift */; };
		B311CF5F1FCFFB3600730CDA /* WantoUITests.swift in Sources */ = {isa = PBXBuildFile; fileRef = B311CF5E1FCFFB3600730CDA /* WantoUITests.swift */; };
		B322810C1FD89CAC005251FC /* activitySettingsController.swift in Sources */ = {isa = PBXBuildFile; fileRef = B322810B1FD89CAC005251FC /* activitySettingsController.swift */; };
		B322810E1FD8AC56005251FC /* PeopleCell.swift in Sources */ = {isa = PBXBuildFile; fileRef = B322810D1FD8AC56005251FC /* PeopleCell.swift */; };
		B3288B0E1FD5E2A200049AE9 /* LocationSearchTable.swift in Sources */ = {isa = PBXBuildFile; fileRef = B3288B0D1FD5E2A200049AE9 /* LocationSearchTable.swift */; };
		B3288B121FD60A4100049AE9 /* target@2x.png in Resources */ = {isa = PBXBuildFile; fileRef = B3288B111FD60A4100049AE9 /* target@2x.png */; };
		B32B137B1FD05503005EC45E /* Helper.swift in Sources */ = {isa = PBXBuildFile; fileRef = B32B137A1FD05503005EC45E /* Helper.swift */; };
		B32B137D1FD05638005EC45E /* HomeViewController.swift in Sources */ = {isa = PBXBuildFile; fileRef = B32B137C1FD05638005EC45E /* HomeViewController.swift */; };
		B32B137F1FD05656005EC45E /* InactiveCell.swift in Sources */ = {isa = PBXBuildFile; fileRef = B32B137E1FD05656005EC45E /* InactiveCell.swift */; };
		B32B13841FD056ED005EC45E /* home@2x.png in Resources */ = {isa = PBXBuildFile; fileRef = B32B13801FD056EC005EC45E /* home@2x.png */; };
		B32B13851FD056ED005EC45E /* settings-gears@2x.png in Resources */ = {isa = PBXBuildFile; fileRef = B32B13811FD056EC005EC45E /* settings-gears@2x.png */; };
		B32B13861FD056ED005EC45E /* multiple-users-silhouette@2x.png in Resources */ = {isa = PBXBuildFile; fileRef = B32B13821FD056EC005EC45E /* multiple-users-silhouette@2x.png */; };
		B32B13871FD056ED005EC45E /* explore@2x.png in Resources */ = {isa = PBXBuildFile; fileRef = B32B13831FD056ED005EC45E /* explore@2x.png */; };
		B32B138A1FD064E4005EC45E /* UIViewX.swift in Sources */ = {isa = PBXBuildFile; fileRef = B32B13891FD064E4005EC45E /* UIViewX.swift */; };
		B32B138C1FD064F1005EC45E /* UIImageViewX.swift in Sources */ = {isa = PBXBuildFile; fileRef = B32B138B1FD064F1005EC45E /* UIImageViewX.swift */; };
		B32B138E1FD0652E005EC45E /* UIButtonX.swift in Sources */ = {isa = PBXBuildFile; fileRef = B32B138D1FD0652E005EC45E /* UIButtonX.swift */; };
		B32B13901FD06560005EC45E /* UILabelX.swift in Sources */ = {isa = PBXBuildFile; fileRef = B32B138F1FD06560005EC45E /* UILabelX.swift */; };
		B32B13941FD07870005EC45E /* Sally.jpg in Resources */ = {isa = PBXBuildFile; fileRef = B32B13931FD07870005EC45E /* Sally.jpg */; };
		B32B13961FD07DC7005EC45E /* ActiveViewController.swift in Sources */ = {isa = PBXBuildFile; fileRef = B32B13951FD07DC7005EC45E /* ActiveViewController.swift */; };
		B32B13981FD07EEA005EC45E /* PersonCell.swift in Sources */ = {isa = PBXBuildFile; fileRef = B32B13971FD07EEA005EC45E /* PersonCell.swift */; };
		B34249B41FD8581600B7451B /* Person.swift in Sources */ = {isa = PBXBuildFile; fileRef = B34249B31FD8581600B7451B /* Person.swift */; };
		B34E076E1FD20E5B0059E9DA /* FeedDetailController.swift in Sources */ = {isa = PBXBuildFile; fileRef = B34E076D1FD20E5B0059E9DA /* FeedDetailController.swift */; };
		B3693D411FD1DDED0086D4B9 /* FeedCell.swift in Sources */ = {isa = PBXBuildFile; fileRef = B3693D401FD1DDED0086D4B9 /* FeedCell.swift */; };
		B3693D451FD1DF8F0086D4B9 /* FeedController.swift in Sources */ = {isa = PBXBuildFile; fileRef = B3693D441FD1DF8F0086D4B9 /* FeedController.swift */; };
		B3724CEB1FD3D6AD0034A49A /* Activity.swift in Sources */ = {isa = PBXBuildFile; fileRef = B3724CEA1FD3D6AD0034A49A /* Activity.swift */; };
		B38B14BD1FDF57AA00CAAA60 /* Screen Shot 2017-12-11 at 7.17.02 PM.png in Resources */ = {isa = PBXBuildFile; fileRef = B38B14BC1FDF57AA00CAAA60 /* Screen Shot 2017-12-11 at 7.17.02 PM.png */; };
		B38B14BF1FE0360C00CAAA60 /* girl.jpg in Resources */ = {isa = PBXBuildFile; fileRef = B38B14BE1FE0360A00CAAA60 /* girl.jpg */; };
		B38B14C11FE0385D00CAAA60 /* LogoTransparent.png in Resources */ = {isa = PBXBuildFile; fileRef = B38B14C01FE0385B00CAAA60 /* LogoTransparent.png */; };
		B38B14C31FE0762E00CAAA60 /* LoginController.swift in Sources */ = {isa = PBXBuildFile; fileRef = B38B14C21FE0762E00CAAA60 /* LoginController.swift */; };
		B39E2FF21FD9224B00F669CC /* Default-avatar@2x.jpg in Resources */ = {isa = PBXBuildFile; fileRef = B39E2FF11FD9224B00F669CC /* Default-avatar@2x.jpg */; };
		B39E2FF41FD9238100F669CC /* images.jpeg in Resources */ = {isa = PBXBuildFile; fileRef = B39E2FF31FD9238100F669CC /* images.jpeg */; };
		B39E2FF61FD9247200F669CC /* profile-default-male@2x.png in Resources */ = {isa = PBXBuildFile; fileRef = B39E2FF51FD9247100F669CC /* profile-default-male@2x.png */; };
		B39E2FF81FD9254500F669CC /* capitalizing_on_the_economic_potential_of_foreign_entrepreneurs_feature.png in Resources */ = {isa = PBXBuildFile; fileRef = B39E2FF71FD9254400F669CC /* capitalizing_on_the_economic_potential_of_foreign_entrepreneurs_feature.png */; };
		B3A140531FD32C1600458929 /* settings-work-tool@2x.png in Resources */ = {isa = PBXBuildFile; fileRef = B3A140521FD32C1500458929 /* settings-work-tool@2x.png */; };
		B3D4B4621FD1D80C009CE92E /* ActiveCell.swift in Sources */ = {isa = PBXBuildFile; fileRef = B3D4B4611FD1D80C009CE92E /* ActiveCell.swift */; };
/* End PBXBuildFile section */

/* Begin PBXContainerItemProxy section */
		B311CF501FCFFB3500730CDA /* PBXContainerItemProxy */ = {
			isa = PBXContainerItemProxy;
			containerPortal = B311CF311FCFFB3500730CDA /* Project object */;
			proxyType = 1;
			remoteGlobalIDString = B311CF381FCFFB3500730CDA;
			remoteInfo = Wanto;
		};
		B311CF5B1FCFFB3600730CDA /* PBXContainerItemProxy */ = {
			isa = PBXContainerItemProxy;
			containerPortal = B311CF311FCFFB3500730CDA /* Project object */;
			proxyType = 1;
			remoteGlobalIDString = B311CF381FCFFB3500730CDA;
			remoteInfo = Wanto;
		};
/* End PBXContainerItemProxy section */

/* Begin PBXFileReference section */
		B30399BE1FD39B4100BB9185 /* SettingsController.swift */ = {isa = PBXFileReference; lastKnownFileType = sourcecode.swift; path = SettingsController.swift; sourceTree = "<group>"; };
		B311CF391FCFFB3500730CDA /* Wanto.app */ = {isa = PBXFileReference; explicitFileType = wrapper.application; includeInIndex = 0; path = Wanto.app; sourceTree = BUILT_PRODUCTS_DIR; };
		B311CF3C1FCFFB3500730CDA /* AppDelegate.swift */ = {isa = PBXFileReference; lastKnownFileType = sourcecode.swift; path = AppDelegate.swift; sourceTree = "<group>"; };
		B311CF431FCFFB3500730CDA /* Base */ = {isa = PBXFileReference; lastKnownFileType = file.storyboard; name = Base; path = Base.lproj/Main.storyboard; sourceTree = "<group>"; };
		B311CF451FCFFB3500730CDA /* Assets.xcassets */ = {isa = PBXFileReference; lastKnownFileType = folder.assetcatalog; path = Assets.xcassets; sourceTree = "<group>"; };
		B311CF481FCFFB3500730CDA /* Base */ = {isa = PBXFileReference; lastKnownFileType = file.storyboard; name = Base; path = Base.lproj/LaunchScreen.storyboard; sourceTree = "<group>"; };
		B311CF4A1FCFFB3500730CDA /* Info.plist */ = {isa = PBXFileReference; lastKnownFileType = text.plist.xml; path = Info.plist; sourceTree = "<group>"; };
		B311CF4F1FCFFB3500730CDA /* WantoTests.xctest */ = {isa = PBXFileReference; explicitFileType = wrapper.cfbundle; includeInIndex = 0; path = WantoTests.xctest; sourceTree = BUILT_PRODUCTS_DIR; };
		B311CF531FCFFB3500730CDA /* WantoTests.swift */ = {isa = PBXFileReference; lastKnownFileType = sourcecode.swift; path = WantoTests.swift; sourceTree = "<group>"; };
		B311CF551FCFFB3600730CDA /* Info.plist */ = {isa = PBXFileReference; lastKnownFileType = text.plist.xml; path = Info.plist; sourceTree = "<group>"; };
		B311CF5A1FCFFB3600730CDA /* WantoUITests.xctest */ = {isa = PBXFileReference; explicitFileType = wrapper.cfbundle; includeInIndex = 0; path = WantoUITests.xctest; sourceTree = BUILT_PRODUCTS_DIR; };
		B311CF5E1FCFFB3600730CDA /* WantoUITests.swift */ = {isa = PBXFileReference; lastKnownFileType = sourcecode.swift; path = WantoUITests.swift; sourceTree = "<group>"; };
		B311CF601FCFFB3600730CDA /* Info.plist */ = {isa = PBXFileReference; lastKnownFileType = text.plist.xml; path = Info.plist; sourceTree = "<group>"; };
		B322810B1FD89CAC005251FC /* activitySettingsController.swift */ = {isa = PBXFileReference; lastKnownFileType = sourcecode.swift; path = activitySettingsController.swift; sourceTree = "<group>"; };
		B322810D1FD8AC56005251FC /* PeopleCell.swift */ = {isa = PBXFileReference; lastKnownFileType = sourcecode.swift; path = PeopleCell.swift; sourceTree = "<group>"; };
		B3288B0D1FD5E2A200049AE9 /* LocationSearchTable.swift */ = {isa = PBXFileReference; lastKnownFileType = sourcecode.swift; path = LocationSearchTable.swift; sourceTree = "<group>"; };
		B3288B111FD60A4100049AE9 /* target@2x.png */ = {isa = PBXFileReference; lastKnownFileType = image.png; path = "target@2x.png"; sourceTree = "<group>"; };
		B32B137A1FD05503005EC45E /* Helper.swift */ = {isa = PBXFileReference; lastKnownFileType = sourcecode.swift; path = Helper.swift; sourceTree = "<group>"; };
		B32B137C1FD05638005EC45E /* HomeViewController.swift */ = {isa = PBXFileReference; lastKnownFileType = sourcecode.swift; path = HomeViewController.swift; sourceTree = "<group>"; };
		B32B137E1FD05656005EC45E /* InactiveCell.swift */ = {isa = PBXFileReference; lastKnownFileType = sourcecode.swift; path = InactiveCell.swift; sourceTree = "<group>"; };
		B32B13801FD056EC005EC45E /* home@2x.png */ = {isa = PBXFileReference; lastKnownFileType = image.png; path = "home@2x.png"; sourceTree = "<group>"; };
		B32B13811FD056EC005EC45E /* settings-gears@2x.png */ = {isa = PBXFileReference; lastKnownFileType = image.png; path = "settings-gears@2x.png"; sourceTree = "<group>"; };
		B32B13821FD056EC005EC45E /* multiple-users-silhouette@2x.png */ = {isa = PBXFileReference; lastKnownFileType = image.png; path = "multiple-users-silhouette@2x.png"; sourceTree = "<group>"; };
		B32B13831FD056ED005EC45E /* explore@2x.png */ = {isa = PBXFileReference; lastKnownFileType = image.png; path = "explore@2x.png"; sourceTree = "<group>"; };
		B32B13891FD064E4005EC45E /* UIViewX.swift */ = {isa = PBXFileReference; lastKnownFileType = sourcecode.swift; path = UIViewX.swift; sourceTree = "<group>"; };
		B32B138B1FD064F1005EC45E /* UIImageViewX.swift */ = {isa = PBXFileReference; lastKnownFileType = sourcecode.swift; path = UIImageViewX.swift; sourceTree = "<group>"; };
		B32B138D1FD0652E005EC45E /* UIButtonX.swift */ = {isa = PBXFileReference; lastKnownFileType = sourcecode.swift; path = UIButtonX.swift; sourceTree = "<group>"; };
		B32B138F1FD06560005EC45E /* UILabelX.swift */ = {isa = PBXFileReference; lastKnownFileType = sourcecode.swift; path = UILabelX.swift; sourceTree = "<group>"; };
		B32B13931FD07870005EC45E /* Sally.jpg */ = {isa = PBXFileReference; lastKnownFileType = image.jpeg; path = Sally.jpg; sourceTree = "<group>"; };
		B32B13951FD07DC7005EC45E /* ActiveViewController.swift */ = {isa = PBXFileReference; lastKnownFileType = sourcecode.swift; path = ActiveViewController.swift; sourceTree = "<group>"; };
		B32B13971FD07EEA005EC45E /* PersonCell.swift */ = {isa = PBXFileReference; lastKnownFileType = sourcecode.swift; path = PersonCell.swift; sourceTree = "<group>"; };
		B34249B31FD8581600B7451B /* Person.swift */ = {isa = PBXFileReference; lastKnownFileType = sourcecode.swift; path = Person.swift; sourceTree = "<group>"; };
		B34E076D1FD20E5B0059E9DA /* FeedDetailController.swift */ = {isa = PBXFileReference; lastKnownFileType = sourcecode.swift; path = FeedDetailController.swift; sourceTree = "<group>"; };
		B3693D401FD1DDED0086D4B9 /* FeedCell.swift */ = {isa = PBXFileReference; lastKnownFileType = sourcecode.swift; path = FeedCell.swift; sourceTree = "<group>"; };
		B3693D441FD1DF8F0086D4B9 /* FeedController.swift */ = {isa = PBXFileReference; lastKnownFileType = sourcecode.swift; path = FeedController.swift; sourceTree = "<group>"; };
		B3724CEA1FD3D6AD0034A49A /* Activity.swift */ = {isa = PBXFileReference; lastKnownFileType = sourcecode.swift; path = Activity.swift; sourceTree = "<group>"; };
		B38B14BC1FDF57AA00CAAA60 /* Screen Shot 2017-12-11 at 7.17.02 PM.png */ = {isa = PBXFileReference; lastKnownFileType = image.png; path = "Screen Shot 2017-12-11 at 7.17.02 PM.png"; sourceTree = "<group>"; };
		B38B14BE1FE0360A00CAAA60 /* girl.jpg */ = {isa = PBXFileReference; lastKnownFileType = image.jpeg; path = girl.jpg; sourceTree = "<group>"; };
		B38B14C01FE0385B00CAAA60 /* LogoTransparent.png */ = {isa = PBXFileReference; lastKnownFileType = image.png; path = LogoTransparent.png; sourceTree = "<group>"; };
		B38B14C21FE0762E00CAAA60 /* LoginController.swift */ = {isa = PBXFileReference; lastKnownFileType = sourcecode.swift; path = LoginController.swift; sourceTree = "<group>"; };
		B39E2FF11FD9224B00F669CC /* Default-avatar@2x.jpg */ = {isa = PBXFileReference; lastKnownFileType = image.jpeg; path = "Default-avatar@2x.jpg"; sourceTree = "<group>"; };
		B39E2FF31FD9238100F669CC /* images.jpeg */ = {isa = PBXFileReference; lastKnownFileType = image.jpeg; path = images.jpeg; sourceTree = "<group>"; };
		B39E2FF51FD9247100F669CC /* profile-default-male@2x.png */ = {isa = PBXFileReference; lastKnownFileType = image.png; path = "profile-default-male@2x.png"; sourceTree = "<group>"; };
		B39E2FF71FD9254400F669CC /* capitalizing_on_the_economic_potential_of_foreign_entrepreneurs_feature.png */ = {isa = PBXFileReference; lastKnownFileType = image.png; path = capitalizing_on_the_economic_potential_of_foreign_entrepreneurs_feature.png; sourceTree = "<group>"; };
		B3A140521FD32C1500458929 /* settings-work-tool@2x.png */ = {isa = PBXFileReference; lastKnownFileType = image.png; path = "settings-work-tool@2x.png"; sourceTree = "<group>"; };
		B3D4B4611FD1D80C009CE92E /* ActiveCell.swift */ = {isa = PBXFileReference; lastKnownFileType = sourcecode.swift; path = ActiveCell.swift; sourceTree = "<group>"; };
/* End PBXFileReference section */

/* Begin PBXFrameworksBuildPhase section */
		B311CF361FCFFB3500730CDA /* Frameworks */ = {
			isa = PBXFrameworksBuildPhase;
			buildActionMask = 2147483647;
			files = (
			);
			runOnlyForDeploymentPostprocessing = 0;
		};
		B311CF4C1FCFFB3500730CDA /* Frameworks */ = {
			isa = PBXFrameworksBuildPhase;
			buildActionMask = 2147483647;
			files = (
			);
			runOnlyForDeploymentPostprocessing = 0;
		};
		B311CF571FCFFB3600730CDA /* Frameworks */ = {
			isa = PBXFrameworksBuildPhase;
			buildActionMask = 2147483647;
			files = (
			);
			runOnlyForDeploymentPostprocessing = 0;
		};
/* End PBXFrameworksBuildPhase section */

/* Begin PBXGroup section */
		B311CF301FCFFB3500730CDA = {
			isa = PBXGroup;
			children = (
				B38B14C21FE0762E00CAAA60 /* LoginController.swift */,
				B311CF3B1FCFFB3500730CDA /* Wanto */,
				B311CF521FCFFB3500730CDA /* WantoTests */,
				B311CF5D1FCFFB3600730CDA /* WantoUITests */,
				B311CF3A1FCFFB3500730CDA /* Products */,
			);
			sourceTree = "<group>";
		};
		B311CF3A1FCFFB3500730CDA /* Products */ = {
			isa = PBXGroup;
			children = (
				B311CF391FCFFB3500730CDA /* Wanto.app */,
				B311CF4F1FCFFB3500730CDA /* WantoTests.xctest */,
				B311CF5A1FCFFB3600730CDA /* WantoUITests.xctest */,
			);
			name = Products;
			sourceTree = "<group>";
		};
		B311CF3B1FCFFB3500730CDA /* Wanto */ = {
			isa = PBXGroup;
			children = (
				B311CF3C1FCFFB3500730CDA /* AppDelegate.swift */,
				B32B13921FD065CE005EC45E /* Designables */,
				B3D4B45F1FD1D7B7009CE92E /* Controllers */,
				B3D4B4601FD1D7E2009CE92E /* Models */,
				B32B137A1FD05503005EC45E /* Helper.swift */,
				B311CF421FCFFB3500730CDA /* Main.storyboard */,
				B311CF451FCFFB3500730CDA /* Assets.xcassets */,
				B32B13881FD056F7005EC45E /* Icons */,
				B311CF471FCFFB3500730CDA /* LaunchScreen.storyboard */,
				B311CF4A1FCFFB3500730CDA /* Info.plist */,
			);
			path = Wanto;
			sourceTree = "<group>";
		};
		B311CF521FCFFB3500730CDA /* WantoTests */ = {
			isa = PBXGroup;
			children = (
				B311CF531FCFFB3500730CDA /* WantoTests.swift */,
				B311CF551FCFFB3600730CDA /* Info.plist */,
			);
			path = WantoTests;
			sourceTree = "<group>";
		};
		B311CF5D1FCFFB3600730CDA /* WantoUITests */ = {
			isa = PBXGroup;
			children = (
				B311CF5E1FCFFB3600730CDA /* WantoUITests.swift */,
				B311CF601FCFFB3600730CDA /* Info.plist */,
			);
			path = WantoUITests;
			sourceTree = "<group>";
		};
		B32B13881FD056F7005EC45E /* Icons */ = {
			isa = PBXGroup;
			children = (
				B38B14C01FE0385B00CAAA60 /* LogoTransparent.png */,
				B38B14BE1FE0360A00CAAA60 /* girl.jpg */,
				B38B14BC1FDF57AA00CAAA60 /* Screen Shot 2017-12-11 at 7.17.02 PM.png */,
				B39E2FF71FD9254400F669CC /* capitalizing_on_the_economic_potential_of_foreign_entrepreneurs_feature.png */,
				B39E2FF31FD9238100F669CC /* images.jpeg */,
				B39E2FF51FD9247100F669CC /* profile-default-male@2x.png */,
				B39E2FF11FD9224B00F669CC /* Default-avatar@2x.jpg */,
				B3288B111FD60A4100049AE9 /* target@2x.png */,
				B32B13831FD056ED005EC45E /* explore@2x.png */,
				B32B13801FD056EC005EC45E /* home@2x.png */,
				B32B13821FD056EC005EC45E /* multiple-users-silhouette@2x.png */,
				B3A140521FD32C1500458929 /* settings-work-tool@2x.png */,
				B32B13811FD056EC005EC45E /* settings-gears@2x.png */,
				B32B13931FD07870005EC45E /* Sally.jpg */,
			);
			path = Icons;
			sourceTree = "<group>";
		};
		B32B13921FD065CE005EC45E /* Designables */ = {
			isa = PBXGroup;
			children = (
				B32B138F1FD06560005EC45E /* UILabelX.swift */,
				B32B138D1FD0652E005EC45E /* UIButtonX.swift */,
				B32B138B1FD064F1005EC45E /* UIImageViewX.swift */,
				B32B13891FD064E4005EC45E /* UIViewX.swift */,
			);
			path = Designables;
			sourceTree = "<group>";
		};
		B3D4B45F1FD1D7B7009CE92E /* Controllers */ = {
			isa = PBXGroup;
			children = (
				B3288B0D1FD5E2A200049AE9 /* LocationSearchTable.swift */,
				B3693D441FD1DF8F0086D4B9 /* FeedController.swift */,
				B32B137C1FD05638005EC45E /* HomeViewController.swift */,
				B32B13951FD07DC7005EC45E /* ActiveViewController.swift */,
				B322810B1FD89CAC005251FC /* activitySettingsController.swift */,
				B34E076D1FD20E5B0059E9DA /* FeedDetailController.swift */,
				B30399BE1FD39B4100BB9185 /* SettingsController.swift */,
			);
			path = Controllers;
			sourceTree = "<group>";
		};
		B3D4B4601FD1D7E2009CE92E /* Models */ = {
			isa = PBXGroup;
			children = (
				B34249B31FD8581600B7451B /* Person.swift */,
				B3724CEA1FD3D6AD0034A49A /* Activity.swift */,
				B32B137E1FD05656005EC45E /* InactiveCell.swift */,
				B3D4B4611FD1D80C009CE92E /* ActiveCell.swift */,
				B3693D401FD1DDED0086D4B9 /* FeedCell.swift */,
				B32B13971FD07EEA005EC45E /* PersonCell.swift */,
				B322810D1FD8AC56005251FC /* PeopleCell.swift */,
			);
			path = Models;
			sourceTree = "<group>";
		};
/* End PBXGroup section */

/* Begin PBXNativeTarget section */
		B311CF381FCFFB3500730CDA /* Wanto */ = {
			isa = PBXNativeTarget;
			buildConfigurationList = B311CF631FCFFB3600730CDA /* Build configuration list for PBXNativeTarget "Wanto" */;
			buildPhases = (
				B311CF351FCFFB3500730CDA /* Sources */,
				B311CF361FCFFB3500730CDA /* Frameworks */,
				B311CF371FCFFB3500730CDA /* Resources */,
			);
			buildRules = (
			);
			dependencies = (
			);
			name = Wanto;
			productName = Wanto;
			productReference = B311CF391FCFFB3500730CDA /* Wanto.app */;
			productType = "com.apple.product-type.application";
		};
		B311CF4E1FCFFB3500730CDA /* WantoTests */ = {
			isa = PBXNativeTarget;
			buildConfigurationList = B311CF661FCFFB3600730CDA /* Build configuration list for PBXNativeTarget "WantoTests" */;
			buildPhases = (
				B311CF4B1FCFFB3500730CDA /* Sources */,
				B311CF4C1FCFFB3500730CDA /* Frameworks */,
				B311CF4D1FCFFB3500730CDA /* Resources */,
			);
			buildRules = (
			);
			dependencies = (
				B311CF511FCFFB3500730CDA /* PBXTargetDependency */,
			);
			name = WantoTests;
			productName = WantoTests;
			productReference = B311CF4F1FCFFB3500730CDA /* WantoTests.xctest */;
			productType = "com.apple.product-type.bundle.unit-test";
		};
		B311CF591FCFFB3600730CDA /* WantoUITests */ = {
			isa = PBXNativeTarget;
			buildConfigurationList = B311CF691FCFFB3600730CDA /* Build configuration list for PBXNativeTarget "WantoUITests" */;
			buildPhases = (
				B311CF561FCFFB3600730CDA /* Sources */,
				B311CF571FCFFB3600730CDA /* Frameworks */,
				B311CF581FCFFB3600730CDA /* Resources */,
			);
			buildRules = (
			);
			dependencies = (
				B311CF5C1FCFFB3600730CDA /* PBXTargetDependency */,
			);
			name = WantoUITests;
			productName = WantoUITests;
			productReference = B311CF5A1FCFFB3600730CDA /* WantoUITests.xctest */;
			productType = "com.apple.product-type.bundle.ui-testing";
		};
/* End PBXNativeTarget section */

/* Begin PBXProject section */
		B311CF311FCFFB3500730CDA /* Project object */ = {
			isa = PBXProject;
			attributes = {
				LastSwiftUpdateCheck = 0920;
				LastUpgradeCheck = 0920;
				ORGANIZATIONNAME = "Turner Thornberry";
				TargetAttributes = {
					B311CF381FCFFB3500730CDA = {
						CreatedOnToolsVersion = 9.2;
						ProvisioningStyle = Automatic;
					};
					B311CF4E1FCFFB3500730CDA = {
						CreatedOnToolsVersion = 9.2;
						ProvisioningStyle = Automatic;
						TestTargetID = B311CF381FCFFB3500730CDA;
					};
					B311CF591FCFFB3600730CDA = {
						CreatedOnToolsVersion = 9.2;
						ProvisioningStyle = Automatic;
						TestTargetID = B311CF381FCFFB3500730CDA;
					};
				};
			};
			buildConfigurationList = B311CF341FCFFB3500730CDA /* Build configuration list for PBXProject "Wanto" */;
			compatibilityVersion = "Xcode 8.0";
			developmentRegion = en;
			hasScannedForEncodings = 0;
			knownRegions = (
				en,
				Base,
			);
			mainGroup = B311CF301FCFFB3500730CDA;
			productRefGroup = B311CF3A1FCFFB3500730CDA /* Products */;
			projectDirPath = "";
			projectRoot = "";
			targets = (
				B311CF381FCFFB3500730CDA /* Wanto */,
				B311CF4E1FCFFB3500730CDA /* WantoTests */,
				B311CF591FCFFB3600730CDA /* WantoUITests */,
			);
		};
/* End PBXProject section */

/* Begin PBXResourcesBuildPhase section */
		B311CF371FCFFB3500730CDA /* Resources */ = {
			isa = PBXResourcesBuildPhase;
			buildActionMask = 2147483647;
			files = (
				B39E2FF61FD9247200F669CC /* profile-default-male@2x.png in Resources */,
				B32B13841FD056ED005EC45E /* home@2x.png in Resources */,
				B311CF491FCFFB3500730CDA /* LaunchScreen.storyboard in Resources */,
				B38B14C11FE0385D00CAAA60 /* LogoTransparent.png in Resources */,
				B32B13861FD056ED005EC45E /* multiple-users-silhouette@2x.png in Resources */,
				B32B13851FD056ED005EC45E /* settings-gears@2x.png in Resources */,
				B38B14BF1FE0360C00CAAA60 /* girl.jpg in Resources */,
				B3288B121FD60A4100049AE9 /* target@2x.png in Resources */,
				B38B14BD1FDF57AA00CAAA60 /* Screen Shot 2017-12-11 at 7.17.02 PM.png in Resources */,
				B39E2FF41FD9238100F669CC /* images.jpeg in Resources */,
				B39E2FF81FD9254500F669CC /* capitalizing_on_the_economic_potential_of_foreign_entrepreneurs_feature.png in Resources */,
				B311CF461FCFFB3500730CDA /* Assets.xcassets in Resources */,
				B3A140531FD32C1600458929 /* settings-work-tool@2x.png in Resources */,
				B32B13941FD07870005EC45E /* Sally.jpg in Resources */,
				B311CF441FCFFB3500730CDA /* Main.storyboard in Resources */,
				B32B13871FD056ED005EC45E /* explore@2x.png in Resources */,
				B39E2FF21FD9224B00F669CC /* Default-avatar@2x.jpg in Resources */,
			);
			runOnlyForDeploymentPostprocessing = 0;
		};
		B311CF4D1FCFFB3500730CDA /* Resources */ = {
			isa = PBXResourcesBuildPhase;
			buildActionMask = 2147483647;
			files = (
			);
			runOnlyForDeploymentPostprocessing = 0;
		};
		B311CF581FCFFB3600730CDA /* Resources */ = {
			isa = PBXResourcesBuildPhase;
			buildActionMask = 2147483647;
			files = (
			);
			runOnlyForDeploymentPostprocessing = 0;
		};
/* End PBXResourcesBuildPhase section */

/* Begin PBXSourcesBuildPhase section */
		B311CF351FCFFB3500730CDA /* Sources */ = {
			isa = PBXSourcesBuildPhase;
			buildActionMask = 2147483647;
			files = (
				B34E076E1FD20E5B0059E9DA /* FeedDetailController.swift in Sources */,
				B32B138E1FD0652E005EC45E /* UIButtonX.swift in Sources */,
				B30399BF1FD39B4100BB9185 /* SettingsController.swift in Sources */,
				B32B137F1FD05656005EC45E /* InactiveCell.swift in Sources */,
				B311CF3D1FCFFB3500730CDA /* AppDelegate.swift in Sources */,
				B3724CEB1FD3D6AD0034A49A /* Activity.swift in Sources */,
				B34249B41FD8581600B7451B /* Person.swift in Sources */,
				B32B137B1FD05503005EC45E /* Helper.swift in Sources */,
				B32B13901FD06560005EC45E /* UILabelX.swift in Sources */,
				B32B13961FD07DC7005EC45E /* ActiveViewController.swift in Sources */,
				B3693D451FD1DF8F0086D4B9 /* FeedController.swift in Sources */,
				B3693D411FD1DDED0086D4B9 /* FeedCell.swift in Sources */,
				B322810E1FD8AC56005251FC /* PeopleCell.swift in Sources */,
				B38B14C31FE0762E00CAAA60 /* LoginController.swift in Sources */,
				B32B13981FD07EEA005EC45E /* PersonCell.swift in Sources */,
				B322810C1FD89CAC005251FC /* activitySettingsController.swift in Sources */,
				B32B137D1FD05638005EC45E /* HomeViewController.swift in Sources */,
				B32B138C1FD064F1005EC45E /* UIImageViewX.swift in Sources */,
				B3288B0E1FD5E2A200049AE9 /* LocationSearchTable.swift in Sources */,
				B3D4B4621FD1D80C009CE92E /* ActiveCell.swift in Sources */,
				B32B138A1FD064E4005EC45E /* UIViewX.swift in Sources */,
			);
			runOnlyForDeploymentPostprocessing = 0;
		};
		B311CF4B1FCFFB3500730CDA /* Sources */ = {
			isa = PBXSourcesBuildPhase;
			buildActionMask = 2147483647;
			files = (
				B311CF541FCFFB3500730CDA /* WantoTests.swift in Sources */,
			);
			runOnlyForDeploymentPostprocessing = 0;
		};
		B311CF561FCFFB3600730CDA /* Sources */ = {
			isa = PBXSourcesBuildPhase;
			buildActionMask = 2147483647;
			files = (
				B311CF5F1FCFFB3600730CDA /* WantoUITests.swift in Sources */,
			);
			runOnlyForDeploymentPostprocessing = 0;
		};
/* End PBXSourcesBuildPhase section */

/* Begin PBXTargetDependency section */
		B311CF511FCFFB3500730CDA /* PBXTargetDependency */ = {
			isa = PBXTargetDependency;
			target = B311CF381FCFFB3500730CDA /* Wanto */;
			targetProxy = B311CF501FCFFB3500730CDA /* PBXContainerItemProxy */;
		};
		B311CF5C1FCFFB3600730CDA /* PBXTargetDependency */ = {
			isa = PBXTargetDependency;
			target = B311CF381FCFFB3500730CDA /* Wanto */;
			targetProxy = B311CF5B1FCFFB3600730CDA /* PBXContainerItemProxy */;
		};
/* End PBXTargetDependency section */

/* Begin PBXVariantGroup section */
		B311CF421FCFFB3500730CDA /* Main.storyboard */ = {
			isa = PBXVariantGroup;
			children = (
				B311CF431FCFFB3500730CDA /* Base */,
			);
			name = Main.storyboard;
			sourceTree = "<group>";
		};
		B311CF471FCFFB3500730CDA /* LaunchScreen.storyboard */ = {
			isa = PBXVariantGroup;
			children = (
				B311CF481FCFFB3500730CDA /* Base */,
			);
			name = LaunchScreen.storyboard;
			sourceTree = "<group>";
		};
/* End PBXVariantGroup section */

/* Begin XCBuildConfiguration section */
		B311CF611FCFFB3600730CDA /* Debug */ = {
			isa = XCBuildConfiguration;
			buildSettings = {
				ALWAYS_SEARCH_USER_PATHS = NO;
				CLANG_ANALYZER_NONNULL = YES;
				CLANG_ANALYZER_NUMBER_OBJECT_CONVERSION = YES_AGGRESSIVE;
				CLANG_CXX_LANGUAGE_STANDARD = "gnu++14";
				CLANG_CXX_LIBRARY = "libc++";
				CLANG_ENABLE_MODULES = YES;
				CLANG_ENABLE_OBJC_ARC = YES;
				CLANG_WARN_BLOCK_CAPTURE_AUTORELEASING = YES;
				CLANG_WARN_BOOL_CONVERSION = YES;
				CLANG_WARN_COMMA = YES;
				CLANG_WARN_CONSTANT_CONVERSION = YES;
				CLANG_WARN_DIRECT_OBJC_ISA_USAGE = YES_ERROR;
				CLANG_WARN_DOCUMENTATION_COMMENTS = YES;
				CLANG_WARN_EMPTY_BODY = YES;
				CLANG_WARN_ENUM_CONVERSION = YES;
				CLANG_WARN_INFINITE_RECURSION = YES;
				CLANG_WARN_INT_CONVERSION = YES;
				CLANG_WARN_NON_LITERAL_NULL_CONVERSION = YES;
				CLANG_WARN_OBJC_LITERAL_CONVERSION = YES;
				CLANG_WARN_OBJC_ROOT_CLASS = YES_ERROR;
				CLANG_WARN_RANGE_LOOP_ANALYSIS = YES;
				CLANG_WARN_STRICT_PROTOTYPES = YES;
				CLANG_WARN_SUSPICIOUS_MOVE = YES;
				CLANG_WARN_UNGUARDED_AVAILABILITY = YES_AGGRESSIVE;
				CLANG_WARN_UNREACHABLE_CODE = YES;
				CLANG_WARN__DUPLICATE_METHOD_MATCH = YES;
				CODE_SIGN_IDENTITY = "iPhone Developer";
				COPY_PHASE_STRIP = NO;
				DEBUG_INFORMATION_FORMAT = dwarf;
				ENABLE_STRICT_OBJC_MSGSEND = YES;
				ENABLE_TESTABILITY = YES;
				GCC_C_LANGUAGE_STANDARD = gnu11;
				GCC_DYNAMIC_NO_PIC = NO;
				GCC_NO_COMMON_BLOCKS = YES;
				GCC_OPTIMIZATION_LEVEL = 0;
				GCC_PREPROCESSOR_DEFINITIONS = (
					"DEBUG=1",
					"$(inherited)",
				);
				GCC_WARN_64_TO_32_BIT_CONVERSION = YES;
				GCC_WARN_ABOUT_RETURN_TYPE = YES_ERROR;
				GCC_WARN_UNDECLARED_SELECTOR = YES;
				GCC_WARN_UNINITIALIZED_AUTOS = YES_AGGRESSIVE;
				GCC_WARN_UNUSED_FUNCTION = YES;
				GCC_WARN_UNUSED_VARIABLE = YES;
				IPHONEOS_DEPLOYMENT_TARGET = 11.2;
				MTL_ENABLE_DEBUG_INFO = YES;
				ONLY_ACTIVE_ARCH = YES;
				SDKROOT = iphoneos;
				SWIFT_ACTIVE_COMPILATION_CONDITIONS = DEBUG;
				SWIFT_OPTIMIZATION_LEVEL = "-Onone";
			};
			name = Debug;
		};
		B311CF621FCFFB3600730CDA /* Release */ = {
			isa = XCBuildConfiguration;
			buildSettings = {
				ALWAYS_SEARCH_USER_PATHS = NO;
				CLANG_ANALYZER_NONNULL = YES;
				CLANG_ANALYZER_NUMBER_OBJECT_CONVERSION = YES_AGGRESSIVE;
				CLANG_CXX_LANGUAGE_STANDARD = "gnu++14";
				CLANG_CXX_LIBRARY = "libc++";
				CLANG_ENABLE_MODULES = YES;
				CLANG_ENABLE_OBJC_ARC = YES;
				CLANG_WARN_BLOCK_CAPTURE_AUTORELEASING = YES;
				CLANG_WARN_BOOL_CONVERSION = YES;
				CLANG_WARN_COMMA = YES;
				CLANG_WARN_CONSTANT_CONVERSION = YES;
				CLANG_WARN_DIRECT_OBJC_ISA_USAGE = YES_ERROR;
				CLANG_WARN_DOCUMENTATION_COMMENTS = YES;
				CLANG_WARN_EMPTY_BODY = YES;
				CLANG_WARN_ENUM_CONVERSION = YES;
				CLANG_WARN_INFINITE_RECURSION = YES;
				CLANG_WARN_INT_CONVERSION = YES;
				CLANG_WARN_NON_LITERAL_NULL_CONVERSION = YES;
				CLANG_WARN_OBJC_LITERAL_CONVERSION = YES;
				CLANG_WARN_OBJC_ROOT_CLASS = YES_ERROR;
				CLANG_WARN_RANGE_LOOP_ANALYSIS = YES;
				CLANG_WARN_STRICT_PROTOTYPES = YES;
				CLANG_WARN_SUSPICIOUS_MOVE = YES;
				CLANG_WARN_UNGUARDED_AVAILABILITY = YES_AGGRESSIVE;
				CLANG_WARN_UNREACHABLE_CODE = YES;
				CLANG_WARN__DUPLICATE_METHOD_MATCH = YES;
				CODE_SIGN_IDENTITY = "iPhone Developer";
				COPY_PHASE_STRIP = NO;
				DEBUG_INFORMATION_FORMAT = "dwarf-with-dsym";
				ENABLE_NS_ASSERTIONS = NO;
				ENABLE_STRICT_OBJC_MSGSEND = YES;
				GCC_C_LANGUAGE_STANDARD = gnu11;
				GCC_NO_COMMON_BLOCKS = YES;
				GCC_WARN_64_TO_32_BIT_CONVERSION = YES;
				GCC_WARN_ABOUT_RETURN_TYPE = YES_ERROR;
				GCC_WARN_UNDECLARED_SELECTOR = YES;
				GCC_WARN_UNINITIALIZED_AUTOS = YES_AGGRESSIVE;
				GCC_WARN_UNUSED_FUNCTION = YES;
				GCC_WARN_UNUSED_VARIABLE = YES;
				IPHONEOS_DEPLOYMENT_TARGET = 11.2;
				MTL_ENABLE_DEBUG_INFO = NO;
				SDKROOT = iphoneos;
				SWIFT_OPTIMIZATION_LEVEL = "-Owholemodule";
				VALIDATE_PRODUCT = YES;
			};
			name = Release;
		};
		B311CF641FCFFB3600730CDA /* Debug */ = {
			isa = XCBuildConfiguration;
			buildSettings = {
				ASSETCATALOG_COMPILER_APPICON_NAME = AppIcon;
				CODE_SIGN_STYLE = Automatic;
				DEVELOPMENT_TEAM = 37NWD4XUMT;
				INFOPLIST_FILE = Wanto/Info.plist;
				IPHONEOS_DEPLOYMENT_TARGET = 10.1;
				LD_RUNPATH_SEARCH_PATHS = "$(inherited) @executable_path/Frameworks";
				PRODUCT_BUNDLE_IDENTIFIER = com.personal.Wanto;
				PRODUCT_NAME = "$(TARGET_NAME)";
				SWIFT_VERSION = 4.0;
				TARGETED_DEVICE_FAMILY = "1,2";
			};
			name = Debug;
		};
		B311CF651FCFFB3600730CDA /* Release */ = {
			isa = XCBuildConfiguration;
			buildSettings = {
				ASSETCATALOG_COMPILER_APPICON_NAME = AppIcon;
				CODE_SIGN_STYLE = Automatic;
				DEVELOPMENT_TEAM = 37NWD4XUMT;
				INFOPLIST_FILE = Wanto/Info.plist;
				IPHONEOS_DEPLOYMENT_TARGET = 10.1;
				LD_RUNPATH_SEARCH_PATHS = "$(inherited) @executable_path/Frameworks";
				PRODUCT_BUNDLE_IDENTIFIER = com.personal.Wanto;
				PRODUCT_NAME = "$(TARGET_NAME)";
				SWIFT_VERSION = 4.0;
				TARGETED_DEVICE_FAMILY = "1,2";
			};
			name = Release;
		};
		B311CF671FCFFB3600730CDA /* Debug */ = {
			isa = XCBuildConfiguration;
			buildSettings = {
				ALWAYS_EMBED_SWIFT_STANDARD_LIBRARIES = YES;
				BUNDLE_LOADER = "$(TEST_HOST)";
				CODE_SIGN_STYLE = Automatic;
				INFOPLIST_FILE = WantoTests/Info.plist;
				LD_RUNPATH_SEARCH_PATHS = "$(inherited) @executable_path/Frameworks @loader_path/Frameworks";
				PRODUCT_BUNDLE_IDENTIFIER = com.personal.WantoTests;
				PRODUCT_NAME = "$(TARGET_NAME)";
				SWIFT_VERSION = 4.0;
				TARGETED_DEVICE_FAMILY = "1,2";
				TEST_HOST = "$(BUILT_PRODUCTS_DIR)/Wanto.app/Wanto";
			};
			name = Debug;
		};
		B311CF681FCFFB3600730CDA /* Release */ = {
			isa = XCBuildConfiguration;
			buildSettings = {
				ALWAYS_EMBED_SWIFT_STANDARD_LIBRARIES = YES;
				BUNDLE_LOADER = "$(TEST_HOST)";
				CODE_SIGN_STYLE = Automatic;
				INFOPLIST_FILE = WantoTests/Info.plist;
				LD_RUNPATH_SEARCH_PATHS = "$(inherited) @executable_path/Frameworks @loader_path/Frameworks";
				PRODUCT_BUNDLE_IDENTIFIER = com.personal.WantoTests;
				PRODUCT_NAME = "$(TARGET_NAME)";
				SWIFT_VERSION = 4.0;
				TARGETED_DEVICE_FAMILY = "1,2";
				TEST_HOST = "$(BUILT_PRODUCTS_DIR)/Wanto.app/Wanto";
			};
			name = Release;
		};
		B311CF6A1FCFFB3600730CDA /* Debug */ = {
			isa = XCBuildConfiguration;
			buildSettings = {
				ALWAYS_EMBED_SWIFT_STANDARD_LIBRARIES = YES;
				CODE_SIGN_STYLE = Automatic;
				INFOPLIST_FILE = WantoUITests/Info.plist;
				LD_RUNPATH_SEARCH_PATHS = "$(inherited) @executable_path/Frameworks @loader_path/Frameworks";
				PRODUCT_BUNDLE_IDENTIFIER = com.personal.WantoUITests;
				PRODUCT_NAME = "$(TARGET_NAME)";
				SWIFT_VERSION = 4.0;
				TARGETED_DEVICE_FAMILY = "1,2";
				TEST_TARGET_NAME = Wanto;
			};
			name = Debug;
		};
		B311CF6B1FCFFB3600730CDA /* Release */ = {
			isa = XCBuildConfiguration;
			buildSettings = {
				ALWAYS_EMBED_SWIFT_STANDARD_LIBRARIES = YES;
				CODE_SIGN_STYLE = Automatic;
				INFOPLIST_FILE = WantoUITests/Info.plist;
				LD_RUNPATH_SEARCH_PATHS = "$(inherited) @executable_path/Frameworks @loader_path/Frameworks";
				PRODUCT_BUNDLE_IDENTIFIER = com.personal.WantoUITests;
				PRODUCT_NAME = "$(TARGET_NAME)";
				SWIFT_VERSION = 4.0;
				TARGETED_DEVICE_FAMILY = "1,2";
				TEST_TARGET_NAME = Wanto;
			};
			name = Release;
		};
/* End XCBuildConfiguration section */

/* Begin XCConfigurationList section */
		B311CF341FCFFB3500730CDA /* Build configuration list for PBXProject "Wanto" */ = {
			isa = XCConfigurationList;
			buildConfigurations = (
				B311CF611FCFFB3600730CDA /* Debug */,
				B311CF621FCFFB3600730CDA /* Release */,
			);
			defaultConfigurationIsVisible = 0;
			defaultConfigurationName = Release;
		};
		B311CF631FCFFB3600730CDA /* Build configuration list for PBXNativeTarget "Wanto" */ = {
			isa = XCConfigurationList;
			buildConfigurations = (
				B311CF641FCFFB3600730CDA /* Debug */,
				B311CF651FCFFB3600730CDA /* Release */,
			);
			defaultConfigurationIsVisible = 0;
			defaultConfigurationName = Release;
		};
		B311CF661FCFFB3600730CDA /* Build configuration list for PBXNativeTarget "WantoTests" */ = {
			isa = XCConfigurationList;
			buildConfigurations = (
				B311CF671FCFFB3600730CDA /* Debug */,
				B311CF681FCFFB3600730CDA /* Release */,
			);
			defaultConfigurationIsVisible = 0;
			defaultConfigurationName = Release;
		};
		B311CF691FCFFB3600730CDA /* Build configuration list for PBXNativeTarget "WantoUITests" */ = {
			isa = XCConfigurationList;
			buildConfigurations = (
				B311CF6A1FCFFB3600730CDA /* Debug */,
				B311CF6B1FCFFB3600730CDA /* Release */,
			);
			defaultConfigurationIsVisible = 0;
			defaultConfigurationName = Release;
		};
/* End XCConfigurationList section */
	};
	rootObject = B311CF311FCFFB3500730CDA /* Project object */;
}
